
Microsoft Visual Studio Solution File, Format Version 12.00
# Visual Studio Version 17
VisualStudioVersion = 17.8.34330.188
MinimumVisualStudioVersion = 10.0.40219.1
Project("{FAE04EC0-301F-11D3-BF4B-00C04F79EFBC}") = "post-microservice", "post-microservice\post-microservice.csproj", "{EBECD7D4-EC56-469C-B96C-E40FB6F55BE1}"
EndProject
Global
	GlobalSection(SolutionConfigurationPlatforms) = preSolution
		Debug|Any CPU = Debug|Any CPU
		Release|Any CPU = Release|Any CPU
	EndGlobalSection
	GlobalSection(ProjectConfigurationPlatforms) = postSolution
		{EBECD7D4-EC56-469C-B96C-E40FB6F55BE1}.Debug|Any CPU.ActiveCfg = Debug|Any CPU
		{EBECD7D4-EC56-469C-B96C-E40FB6F55BE1}.Debug|Any CPU.Build.0 = Debug|Any CPU
		{EBECD7D4-EC56-469C-B96C-E40FB6F55BE1}.Release|Any CPU.ActiveCfg = Release|Any CPU
		{EBECD7D4-EC56-469C-B96C-E40FB6F55BE1}.Release|Any CPU.Build.0 = Release|Any CPU
	EndGlobalSection
	GlobalSection(SolutionProperties) = preSolution
		HideSolutionNode = FALSE
	EndGlobalSection
	GlobalSection(ExtensibilityGlobals) = postSolution
		SolutionGuid = {06632693-3448-497F-A951-C85BA67BD370}
	EndGlobalSection
EndGlobal
